
Microsoft Visual Studio Solution File, Format Version 12.00
# Visual Studio Version 17
VisualStudioVersion = 17.3.32922.545
MinimumVisualStudioVersion = 10.0.40219.1
Project("{FAE04EC0-301F-11D3-BF4B-00C04F79EFBC}") = "EmpDeptProject1", "EmpDeptProj\EmpDeptProject1.csproj", "{D9494AD3-E619-48F7-9670-6769F14D4B8D}"
EndProject
Project("{FAE04EC0-301F-11D3-BF4B-00C04F79EFBC}") = "EmpDeptProject.Models", "EmpDeptProject.Models\EmpDeptProject.Models.csproj", "{7C036345-8A91-40AE-B7D9-7C3EA5FE6B6B}"
EndProject
Project("{FAE04EC0-301F-11D3-BF4B-00C04F79EFBC}") = "EmpDeptProject.DataAccess", "EmpDeptProject.DataAccess\EmpDeptProject.DataAccess.csproj", "{64468AF6-6B49-4523-8E4F-E592DFD7CA44}"
EndProject
Project("{FAE04EC0-301F-11D3-BF4B-00C04F79EFBC}") = "EmpDeptProject.Utility", "EmpDeptProject.Utility\EmpDeptProject.Utility.csproj", "{265386AF-3FB4-4702-B45D-1C17C4090A51}"
EndProject
Global
	GlobalSection(SolutionConfigurationPlatforms) = preSolution
		Debug|Any CPU = Debug|Any CPU
		Release|Any CPU = Release|Any CPU
	EndGlobalSection
	GlobalSection(ProjectConfigurationPlatforms) = postSolution
		{D9494AD3-E619-48F7-9670-6769F14D4B8D}.Debug|Any CPU.ActiveCfg = Debug|Any CPU
		{D9494AD3-E619-48F7-9670-6769F14D4B8D}.Debug|Any CPU.Build.0 = Debug|Any CPU
		{D9494AD3-E619-48F7-9670-6769F14D4B8D}.Release|Any CPU.ActiveCfg = Release|Any CPU
		{D9494AD3-E619-48F7-9670-6769F14D4B8D}.Release|Any CPU.Build.0 = Release|Any CPU
		{7C036345-8A91-40AE-B7D9-7C3EA5FE6B6B}.Debug|Any CPU.ActiveCfg = Debug|Any CPU
		{7C036345-8A91-40AE-B7D9-7C3EA5FE6B6B}.Debug|Any CPU.Build.0 = Debug|Any CPU
		{7C036345-8A91-40AE-B7D9-7C3EA5FE6B6B}.Release|Any CPU.ActiveCfg = Release|Any CPU
		{7C036345-8A91-40AE-B7D9-7C3EA5FE6B6B}.Release|Any CPU.Build.0 = Release|Any CPU
		{64468AF6-6B49-4523-8E4F-E592DFD7CA44}.Debug|Any CPU.ActiveCfg = Debug|Any CPU
		{64468AF6-6B49-4523-8E4F-E592DFD7CA44}.Debug|Any CPU.Build.0 = Debug|Any CPU
		{64468AF6-6B49-4523-8E4F-E592DFD7CA44}.Release|Any CPU.ActiveCfg = Release|Any CPU
		{64468AF6-6B49-4523-8E4F-E592DFD7CA44}.Release|Any CPU.Build.0 = Release|Any CPU
		{265386AF-3FB4-4702-B45D-1C17C4090A51}.Debug|Any CPU.ActiveCfg = Debug|Any CPU
		{265386AF-3FB4-4702-B45D-1C17C4090A51}.Debug|Any CPU.Build.0 = Debug|Any CPU
		{265386AF-3FB4-4702-B45D-1C17C4090A51}.Release|Any CPU.ActiveCfg = Release|Any CPU
		{265386AF-3FB4-4702-B45D-1C17C4090A51}.Release|Any CPU.Build.0 = Release|Any CPU
	EndGlobalSection
	GlobalSection(SolutionProperties) = preSolution
		HideSolutionNode = FALSE
	EndGlobalSection
	GlobalSection(ExtensibilityGlobals) = postSolution
		SolutionGuid = {3D6BD3F5-5D9C-4467-816B-97CCAC0C7AE1}
	EndGlobalSection
EndGlobal
